
Microsoft Visual Studio Solution File, Format Version 12.00
# Visual Studio Version 17
VisualStudioVersion = 17.2.32630.192
MinimumVisualStudioVersion = 10.0.40219.1
Project("{9A19103F-16F7-4668-BE54-9A1E7A4F7556}") = "TFL.ClientApp", "ConsoleApp1\TFL.ClientApp.csproj", "{DC4BFDF1-4344-431B-8EF7-117F7022B9BA}"
EndProject
Project("{FAE04EC0-301F-11D3-BF4B-00C04F79EFBC}") = "TFL.API", "TFL.Road.API\TFL.API.csproj", "{826ADA57-0CD3-4260-9000-879B1B57772E}"
EndProject
Project("{2150E333-8FDC-42A3-9474-1A3956D46DE8}") = "Solution Items", "Solution Items", "{45FF71A4-4B28-42CE-B568-1F4079097BC8}"
	ProjectSection(SolutionItems) = preProject
		.editorconfig = .editorconfig
	EndProjectSection
EndProject
Project("{FAE04EC0-301F-11D3-BF4B-00C04F79EFBC}") = "TFL.Common", "TFL.Common\TFL.Common.csproj", "{46995063-691B-44BC-9B4C-8D7FE7AF1326}"
EndProject
Global
	GlobalSection(SolutionConfigurationPlatforms) = preSolution
		Debug|Any CPU = Debug|Any CPU
		Release|Any CPU = Release|Any CPU
	EndGlobalSection
	GlobalSection(ProjectConfigurationPlatforms) = postSolution
		{DC4BFDF1-4344-431B-8EF7-117F7022B9BA}.Debug|Any CPU.ActiveCfg = Debug|Any CPU
		{DC4BFDF1-4344-431B-8EF7-117F7022B9BA}.Debug|Any CPU.Build.0 = Debug|Any CPU
		{DC4BFDF1-4344-431B-8EF7-117F7022B9BA}.Release|Any CPU.ActiveCfg = Release|Any CPU
		{DC4BFDF1-4344-431B-8EF7-117F7022B9BA}.Release|Any CPU.Build.0 = Release|Any CPU
		{826ADA57-0CD3-4260-9000-879B1B57772E}.Debug|Any CPU.ActiveCfg = Debug|Any CPU
		{826ADA57-0CD3-4260-9000-879B1B57772E}.Debug|Any CPU.Build.0 = Debug|Any CPU
		{826ADA57-0CD3-4260-9000-879B1B57772E}.Release|Any CPU.ActiveCfg = Release|Any CPU
		{826ADA57-0CD3-4260-9000-879B1B57772E}.Release|Any CPU.Build.0 = Release|Any CPU
		{46995063-691B-44BC-9B4C-8D7FE7AF1326}.Debug|Any CPU.ActiveCfg = Debug|Any CPU
		{46995063-691B-44BC-9B4C-8D7FE7AF1326}.Debug|Any CPU.Build.0 = Debug|Any CPU
		{46995063-691B-44BC-9B4C-8D7FE7AF1326}.Release|Any CPU.ActiveCfg = Release|Any CPU
		{46995063-691B-44BC-9B4C-8D7FE7AF1326}.Release|Any CPU.Build.0 = Release|Any CPU
	EndGlobalSection
	GlobalSection(SolutionProperties) = preSolution
		HideSolutionNode = FALSE
	EndGlobalSection
	GlobalSection(ExtensibilityGlobals) = postSolution
		SolutionGuid = {15637061-F0AE-48E2-9463-66E180E46B83}
	EndGlobalSection
EndGlobal
